
Microsoft Visual Studio Solution File, Format Version 12.00
# Visual Studio Version 16
VisualStudioVersion = 16.0.32413.511
MinimumVisualStudioVersion = 10.0.40219.1
Project("{FAE04EC0-301F-11D3-BF4B-00C04F79EFBC}") = "EDMCrud", "EDMCrud\EDMCrud.csproj", "{362B68EA-2295-4C35-AA6D-1D7F91859E43}"
EndProject
Global
	GlobalSection(SolutionConfigurationPlatforms) = preSolution
		Debug|Any CPU = Debug|Any CPU
		Release|Any CPU = Release|Any CPU
	EndGlobalSection
	GlobalSection(ProjectConfigurationPlatforms) = postSolution
		{362B68EA-2295-4C35-AA6D-1D7F91859E43}.Debug|Any CPU.ActiveCfg = Debug|Any CPU
		{362B68EA-2295-4C35-AA6D-1D7F91859E43}.Debug|Any CPU.Build.0 = Debug|Any CPU
		{362B68EA-2295-4C35-AA6D-1D7F91859E43}.Release|Any CPU.ActiveCfg = Release|Any CPU
		{362B68EA-2295-4C35-AA6D-1D7F91859E43}.Release|Any CPU.Build.0 = Release|Any CPU
	EndGlobalSection
	GlobalSection(SolutionProperties) = preSolution
		HideSolutionNode = FALSE
	EndGlobalSection
	GlobalSection(ExtensibilityGlobals) = postSolution
		SolutionGuid = {24301A7F-9B03-455C-930E-0EBEEB758184}
	EndGlobalSection
EndGlobal
